
Microsoft Visual Studio Solution File, Format Version 12.00
# Visual Studio Version 16
VisualStudioVersion = 16.0.30907.101
MinimumVisualStudioVersion = 10.0.40219.1
Project("{9A19103F-16F7-4668-BE54-9A1E7A4F7556}") = "App.Domain.Core", "App.Domain.Core\App.Domain.Core.csproj", "{BF6BEA5F-3956-4978-9F97-ECD93F0D3998}"
EndProject
Project("{2150E333-8FDC-42A3-9474-1A3956D46DE8}") = "Domain", "Domain", "{FE16B419-2A0C-4B83-AD5D-C9DDCD2126E0}"
EndProject
Project("{9A19103F-16F7-4668-BE54-9A1E7A4F7556}") = "App.Domain.Interfaces", "App.Domain.Interfaces\App.Domain.Interfaces.csproj", "{09EFCD34-07AA-4013-8781-CD266F5509AF}"
EndProject
Project("{2150E333-8FDC-42A3-9474-1A3956D46DE8}") = "Infrastructure", "Infrastructure", "{77B91070-EC38-4065-B372-552A227259D2}"
EndProject
Project("{9A19103F-16F7-4668-BE54-9A1E7A4F7556}") = "App.Infrastructure.Business", "App.Infrastructure.Business\App.Infrastructure.Business.csproj", "{6EA388BB-E826-4E54-AB9C-9155B51A9AFD}"
EndProject
Project("{9A19103F-16F7-4668-BE54-9A1E7A4F7556}") = "App.Infrastructure.Data", "App.Infrastructure.Data\App.Infrastructure.Data.csproj", "{27824A46-AAA7-42C1-B40F-551A4EB0A9BB}"
EndProject
Project("{2150E333-8FDC-42A3-9474-1A3956D46DE8}") = "Services", "Services", "{A25C65D4-47AA-45F5-9F20-A0E6E03551BA}"
EndProject
Project("{9A19103F-16F7-4668-BE54-9A1E7A4F7556}") = "App.Services.Interfaces", "App.Services.Interfaces\App.Services.Interfaces.csproj", "{E29FEABF-7000-45BB-BE1D-BC72D2DABC63}"
EndProject
Project("{2150E333-8FDC-42A3-9474-1A3956D46DE8}") = "UserInterface", "UserInterface", "{58EFF7D5-D7C8-47A9-AF3D-C46CF4D3B2B7}"
EndProject
Project("{FAE04EC0-301F-11D3-BF4B-00C04F79EFBC}") = "App.Web", "App.Web\App.Web.csproj", "{5A30809F-0A39-4832-B2FE-976611EA17F9}"
EndProject
Global
	GlobalSection(SolutionConfigurationPlatforms) = preSolution
		Debug|Any CPU = Debug|Any CPU
		Release|Any CPU = Release|Any CPU
	EndGlobalSection
	GlobalSection(ProjectConfigurationPlatforms) = postSolution
		{BF6BEA5F-3956-4978-9F97-ECD93F0D3998}.Debug|Any CPU.ActiveCfg = Debug|Any CPU
		{BF6BEA5F-3956-4978-9F97-ECD93F0D3998}.Debug|Any CPU.Build.0 = Debug|Any CPU
		{BF6BEA5F-3956-4978-9F97-ECD93F0D3998}.Release|Any CPU.ActiveCfg = Release|Any CPU
		{BF6BEA5F-3956-4978-9F97-ECD93F0D3998}.Release|Any CPU.Build.0 = Release|Any CPU
		{09EFCD34-07AA-4013-8781-CD266F5509AF}.Debug|Any CPU.ActiveCfg = Debug|Any CPU
		{09EFCD34-07AA-4013-8781-CD266F5509AF}.Debug|Any CPU.Build.0 = Debug|Any CPU
		{09EFCD34-07AA-4013-8781-CD266F5509AF}.Release|Any CPU.ActiveCfg = Release|Any CPU
		{09EFCD34-07AA-4013-8781-CD266F5509AF}.Release|Any CPU.Build.0 = Release|Any CPU
		{6EA388BB-E826-4E54-AB9C-9155B51A9AFD}.Debug|Any CPU.ActiveCfg = Debug|Any CPU
		{6EA388BB-E826-4E54-AB9C-9155B51A9AFD}.Debug|Any CPU.Build.0 = Debug|Any CPU
		{6EA388BB-E826-4E54-AB9C-9155B51A9AFD}.Release|Any CPU.ActiveCfg = Release|Any CPU
		{6EA388BB-E826-4E54-AB9C-9155B51A9AFD}.Release|Any CPU.Build.0 = Release|Any CPU
		{27824A46-AAA7-42C1-B40F-551A4EB0A9BB}.Debug|Any CPU.ActiveCfg = Debug|Any CPU
		{27824A46-AAA7-42C1-B40F-551A4EB0A9BB}.Debug|Any CPU.Build.0 = Debug|Any CPU
		{27824A46-AAA7-42C1-B40F-551A4EB0A9BB}.Release|Any CPU.ActiveCfg = Release|Any CPU
		{27824A46-AAA7-42C1-B40F-551A4EB0A9BB}.Release|Any CPU.Build.0 = Release|Any CPU
		{E29FEABF-7000-45BB-BE1D-BC72D2DABC63}.Debug|Any CPU.ActiveCfg = Debug|Any CPU
		{E29FEABF-7000-45BB-BE1D-BC72D2DABC63}.Debug|Any CPU.Build.0 = Debug|Any CPU
		{E29FEABF-7000-45BB-BE1D-BC72D2DABC63}.Release|Any CPU.ActiveCfg = Release|Any CPU
		{E29FEABF-7000-45BB-BE1D-BC72D2DABC63}.Release|Any CPU.Build.0 = Release|Any CPU
		{5A30809F-0A39-4832-B2FE-976611EA17F9}.Debug|Any CPU.ActiveCfg = Debug|Any CPU
		{5A30809F-0A39-4832-B2FE-976611EA17F9}.Debug|Any CPU.Build.0 = Debug|Any CPU
		{5A30809F-0A39-4832-B2FE-976611EA17F9}.Release|Any CPU.ActiveCfg = Release|Any CPU
		{5A30809F-0A39-4832-B2FE-976611EA17F9}.Release|Any CPU.Build.0 = Release|Any CPU
	EndGlobalSection
	GlobalSection(SolutionProperties) = preSolution
		HideSolutionNode = FALSE
	EndGlobalSection
	GlobalSection(NestedProjects) = preSolution
		{BF6BEA5F-3956-4978-9F97-ECD93F0D3998} = {FE16B419-2A0C-4B83-AD5D-C9DDCD2126E0}
		{09EFCD34-07AA-4013-8781-CD266F5509AF} = {FE16B419-2A0C-4B83-AD5D-C9DDCD2126E0}
		{6EA388BB-E826-4E54-AB9C-9155B51A9AFD} = {77B91070-EC38-4065-B372-552A227259D2}
		{27824A46-AAA7-42C1-B40F-551A4EB0A9BB} = {77B91070-EC38-4065-B372-552A227259D2}
		{E29FEABF-7000-45BB-BE1D-BC72D2DABC63} = {A25C65D4-47AA-45F5-9F20-A0E6E03551BA}
		{5A30809F-0A39-4832-B2FE-976611EA17F9} = {58EFF7D5-D7C8-47A9-AF3D-C46CF4D3B2B7}
	EndGlobalSection
	GlobalSection(ExtensibilityGlobals) = postSolution
		SolutionGuid = {30EFED4E-65E1-44C3-BE20-028F254AD91C}
	EndGlobalSection
EndGlobal
